{
    "_readme": [
        "This file locks the dependencies of your project to a known state",
        "Read more about it at https://getcomposer.org/doc/01-basic-usage.md#composer-lock-the-lock-file",
        "This file is @generated automatically"
    ],
    "content-hash": "ec49286c7a0eb8443aa745cacf38814d",
    "packages": [
        {
            "name": "imsglobal/lti",
            "version": "3.0.2",
            "source": {
                "type": "git",
                "url": "https://github.com/IMSGlobal/LTI-Tool-Provider-Library-PHP.git",
                "reference": "06b12f70c2803ee08da116bcda2951eefd411ac9"
            },
            "dist": {
                "type": "zip",
                "url": "https://api.github.com/repos/IMSGlobal/LTI-Tool-Provider-Library-PHP/zipball/06b12f70c2803ee08da116bcda2951eefd411ac9",
                "reference": "06b12f70c2803ee08da116bcda2951eefd411ac9",
                "shasum": ""
            },
            "require": {
                "php": ">=5.6.0"
            },
            "type": "library",
            "autoload": {
                "psr-4": {
                    "IMSGlobal\\LTI\\": "src/"
                }
            },
            "notification-url": "https://packagist.org/downloads/",
            "license": [
                "Apache-2.0"
            ],
            "authors": [
                {
                    "name": "Stephen Vickers",
                    "email": "svickers@imsglobal.org"
                }
            ],
            "description": "LTI Tool Provider Library",
            "homepage": "https://www.imsglobal.org/lti",
            "keywords": [
                "LTI"
            ],
            "time": "2016-09-18T04:22:22+00:00"
        }
    ],
    "packages-dev": [],
    "aliases": [],
    "minimum-stability": "stable",
    "stability-flags": [],
    "prefer-stable": false,
    "prefer-lowest": false,
    "platform": [],
    "platform-dev": []
}
